lockfileVersion: '9.0'

settings:
  autoInstallPeers: true
  excludeLinksFromLockfile: false

importers:

  .:
    dependencies:
      '@prisma/client':
        specifier: 5.17.0
        version: 5.17.0(prisma@5.17.0)
      '@sapphire/decorators':
        specifier: ^6.0.4
        version: 6.1.0
      '@sapphire/discord.js-utilities':
        specifier: 7.1.6
        version: 7.1.6
      '@sapphire/fetch':
        specifier: ^3.0.2
        version: 3.0.2
      '@sapphire/framework':
        specifier: ^5.2.1
        version: 5.2.1
      '@sapphire/pieces':
        specifier: ^4.3.1
        version: 4.3.1
      '@sapphire/plugin-api':
        specifier: ^6.1.1
        version: 6.1.1
      '@sapphire/plugin-logger':
        specifier: ^4.0.2
        version: 4.0.2
      '@sapphire/ratelimits':
        specifier: ^2.4.9
        version: 2.4.9
      '@sapphire/result':
        specifier: ^2.6.6
        version: 2.6.6
      '@sapphire/time-utilities':
        specifier: ^1.7.12
        version: 1.7.12
      '@sapphire/utilities':
        specifier: ^3.15.3
        version: 3.17.0
      '@skyra/env-utilities':
        specifier: ^1.3.0
        version: 1.3.0
      '@types/handlebars':
        specifier: ^4.1.0
        version: 4.1.0
      '@types/ms':
        specifier: ^0.7.34
        version: 0.7.34
      colorette:
        specifier: ^2.0.20
        version: 2.0.20
      cron:
        specifier: ^3.1.7
        version: 3.1.7
      discord-api-types:
        specifier: 0.37.x
        version: 0.37.93
      discord.js:
        specifier: ^14.15.3
        version: 14.15.3
      handlebars:
        specifier: ^4.7.8
        version: 4.7.8
      mongoose:
        specifier: ^8.5.2
        version: 8.5.2
      ms:
        specifier: ^2.1.3
        version: 2.1.3
      zod:
        specifier: ^3.23.8
        version: 3.23.8
    devDependencies:
      '@sapphire/cli':
        specifier: ^1.9.3
        version: 1.9.3
      '@sapphire/prettier-config':
        specifier: ^2.0.0
        version: 2.0.0
      '@sapphire/ts-config':
        specifier: ^5.0.0
        version: 5.0.1
      '@types/node':
        specifier: ^20.11.5
        version: 20.14.15
      '@types/ws':
        specifier: ^8.5.10
        version: 8.5.12
      prettier:
        specifier: ^3.2.4
        version: 3.3.3
      prisma:
        specifier: 5.17.0
        version: 5.17.0
      tsc-watch:
        specifier: ^6.0.4
        version: 6.2.0(typescript@5.4.5)
      typescript:
        specifier: ~5.4.5
        version: 5.4.5

packages:

  '@discordjs/builders@1.8.2':
    resolution: {integrity: sha512-6wvG3QaCjtMu0xnle4SoOIeFB4y6fKMN6WZfy3BMKJdQQtPLik8KGzDwBVL/+wTtcE/ZlFjgEk74GublyEVZ7g==}
    engines: {node: '>=16.11.0'}

  '@discordjs/collection@1.5.3':
    resolution: {integrity: sha512-SVb428OMd3WO1paV3rm6tSjM4wC+Kecaa1EUGX7vc6/fddvw/6lg90z4QtCqm21zvVe92vMMDt9+DkIvjXImQQ==}
    engines: {node: '>=16.11.0'}

  '@discordjs/collection@2.1.0':
    resolution: {integrity: sha512-mLcTACtXUuVgutoznkh6hS3UFqYirDYAg5Dc1m8xn6OvPjetnUlf/xjtqnnc47OwWdaoCQnHmHh9KofhD6uRqw==}
    engines: {node: '>=18'}

  '@discordjs/formatters@0.4.0':
    resolution: {integrity: sha512-fJ06TLC1NiruF35470q3Nr1bi95BdvKFAF+T5bNfZJ4bNdqZ3VZ+Ttg6SThqTxm6qumSG3choxLBHMC69WXNXQ==}
    engines: {node: '>=16.11.0'}

  '@discordjs/rest@2.3.0':
    resolution: {integrity: sha512-C1kAJK8aSYRv3ZwMG8cvrrW4GN0g5eMdP8AuN8ODH5DyOCbHgJspze1my3xHOAgwLJdKUbWNVyAeJ9cEdduqIg==}
    engines: {node: '>=16.11.0'}

  '@discordjs/util@1.1.0':
    resolution: {integrity: sha512-IndcI5hzlNZ7GS96RV3Xw1R2kaDuXEp7tRIy/KlhidpN/BQ1qh1NZt3377dMLTa44xDUNKT7hnXkA/oUAzD/lg==}
    engines: {node: '>=16.11.0'}

  '@discordjs/ws@1.1.1':
    resolution: {integrity: sha512-PZ+vLpxGCRtmr2RMkqh8Zp+BenUaJqlS6xhgWKEZcgC/vfHLEzpHtKkB0sl3nZWpwtcKk6YWy+pU3okL2I97FA==}
    engines: {node: '>=16.11.0'}

  '@favware/colorette-spinner@1.0.1':
    resolution: {integrity: sha512-PPYtcLzhSafdylp8NBOxMCYIcLqTUMNiQc7ciBoAIvxNG2egM+P7e2nNPui5+Svyk89Q+Tnbrp139ZRIIBw3IA==}
    engines: {node: '>=v16'}

  '@mongodb-js/saslprep@1.1.8':
    resolution: {integrity: sha512-qKwC/M/nNNaKUBMQ0nuzm47b7ZYWQHN3pcXq4IIcoSBc2hOIrflAxJduIvvqmhoz3gR2TacTAs8vlsCVPkiEdQ==}

  '@prisma/client@5.17.0':
    resolution: {integrity: sha512-N2tnyKayT0Zf7mHjwEyE8iG7FwTmXDHFZ1GnNhQp0pJUObsuel4ZZ1XwfuAYkq5mRIiC/Kot0kt0tGCfLJ70Jw==}
    engines: {node: '>=16.13'}
    peerDependencies:
      prisma: '*'
    peerDependenciesMeta:
      prisma:
        optional: true

  '@prisma/debug@5.17.0':
    resolution: {integrity: sha512-l7+AteR3P8FXiYyo496zkuoiJ5r9jLQEdUuxIxNCN1ud8rdbH3GTxm+f+dCyaSv9l9WY+29L9czaVRXz9mULfg==}

  '@prisma/engines-version@5.17.0-31.393aa359c9ad4a4bb28630fb5613f9c281cde053':
    resolution: {integrity: sha512-tUuxZZysZDcrk5oaNOdrBnnkoTtmNQPkzINFDjz7eG6vcs9AVDmA/F6K5Plsb2aQc/l5M2EnFqn3htng9FA4hg==}

  '@prisma/engines@5.17.0':
    resolution: {integrity: sha512-+r+Nf+JP210Jur+/X8SIPLtz+uW9YA4QO5IXA+KcSOBe/shT47bCcRMTYCbOESw3FFYFTwe7vU6KTWHKPiwvtg==}

  '@prisma/fetch-engine@5.17.0':
    resolution: {integrity: sha512-ESxiOaHuC488ilLPnrv/tM2KrPhQB5TRris/IeIV4ZvUuKeaicCl4Xj/JCQeG9IlxqOgf1cCg5h5vAzlewN91Q==}

  '@prisma/get-platform@5.17.0':
    resolution: {integrity: sha512-UlDgbRozCP1rfJ5Tlkf3Cnftb6srGrEQ4Nm3og+1Se2gWmCZ0hmPIi+tQikGDUVLlvOWx3Gyi9LzgRP+HTXV9w==}

  '@sapphire/async-queue@1.5.3':
    resolution: {integrity: sha512-x7zadcfJGxFka1Q3f8gCts1F0xMwCKbZweM85xECGI0hBTeIZJGGCrHgLggihBoprlQ/hBmDR5LKfIPqnmHM3w==}
    engines: {node: '>=v14.0.0', npm: '>=7.0.0'}

  '@sapphire/cli@1.9.3':
    resolution: {integrity: sha512-78sw7JN4FKDY7lDE3Ld+SavQmww7EEHGe/79pom3dF7r/vO+6lxH3ffcnqZKy3Hd/onBe5cfm26DygEOstGnxw==}
    engines: {node: '>=v18'}
    hasBin: true

  '@sapphire/cron@1.1.3':
    resolution: {integrity: sha512-Sc0ebl3aD6RNUx4WkWgBOucI/azyVYGBpmO8oLnyCX6GBtF+YSQv8jODQ2sf/szkimhqTXrFYk6pEhA74CGtYg==}
    engines: {node: '>=v14.0.0', npm: '>=7.0.0'}

  '@sapphire/decorators@6.1.0':
    resolution: {integrity: sha512-LAml5F/JN1PMm0krKsuZQ7R32DboQZE1A1ULyEK/m1hkxRt/ympYWSBKVwnurDb+kyPD2CaHMOgKgDW2Gt6mwA==}
    engines: {node: '>=v14.0.0', npm: '>=7.0.0'}

  '@sapphire/discord-utilities@3.3.0':
    resolution: {integrity: sha512-xHAe22GSM4NjhNiyZ/5gwEF+uFDPHSrZABWypPGDUIK+CNDDPyPf56ooUb8cm02dVcU81wzscnRXK2cLY6RPcg==}
    engines: {node: '>=v14.0.0', npm: '>=7.0.0'}

  '@sapphire/discord.js-utilities@7.1.6':
    resolution: {integrity: sha512-rOSs1xUOSLkqF6MXGtAOFtxYqzCoIIHImMFXftIxIdn38PNsLJNMWjf18bIVRMDMduVXtfROF7PLXxSp/CpLaw==}
    engines: {node: '>=16.6.0', npm: '>=7.0.0'}

  '@sapphire/discord.js-utilities@7.3.0':
    resolution: {integrity: sha512-SOacsoV8eqPz0YqyXwNNZChNhz09QEhTrrGm+rnG+xZbglODtnoYmEgmLIemr2t6eyxPRerwhakacfyNYGapVg==}
    engines: {node: '>=16.6.0', npm: '>=7.0.0'}

  '@sapphire/duration@1.1.2':
    resolution: {integrity: sha512-m+DpXedUHdnH3rM6P9Hiyb9dpdXKb8WeTAVIug0QuN8tarQedbymbOor+UFmBfCbKOkoW9HvGK10xDwDvSfKrw==}
    engines: {node: '>=v14.0.0', npm: '>=7.0.0'}

  '@sapphire/fetch@3.0.2':
    resolution: {integrity: sha512-Na3TP9B/ncq09YNj+9SWd2JXclTGYCIX+ZieGNfRsi38PpgE3hSSIn/7hAjpF/sV1uBfHHtc42mz24pEuEqZmQ==}
    engines: {node: '>=v18'}

  '@sapphire/framework@5.2.1':
    resolution: {integrity: sha512-47V3BPe3On3SB+Mbdb4eWPnKfNKV5Js1rLUyt+74WUY+MsS2Utja6Y26gswqk+GW3jqiX67tWTnIK3els+PVsw==}
    engines: {node: '>=v18', npm: '>=7'}

  '@sapphire/lexure@1.1.7':
    resolution: {integrity: sha512-6PqU2/V+w1k4DHbZ8erIH+iaT/kAmLfReiWNUURt1akfrPTWqlVYWfuxkHXF0JMPk53r4NIkZoitiWwGUtPF+Q==}
    engines: {node: '>=v14.0.0', npm: '>=7.0.0'}

  '@sapphire/node-utilities@1.0.2':
    resolution: {integrity: sha512-v4prFEQNbUfD3j0/gjYd93xYY52N3wrtwTgJc7n68a/GuQXiXLnfypczG5CDVX1nQdvdCB9t4wSUHpfB82zAbQ==}
    engines: {node: '>=v16.0.0', npm: '>=7.0.0'}

  '@sapphire/pieces@4.3.1':
    resolution: {integrity: sha512-t42o6i8gPQ3QISIsMl463hj057yfyHsaSrs4FssdiGLmnvL9cuLGLTsjGEPn904wHUhPzS8W5aAPr788RK2/jQ==}
    engines: {node: '>=v14.0.0', npm: '>=7.0.0'}

  '@sapphire/plugin-api@6.1.1':
    resolution: {integrity: sha512-/Znz+AvNvnOwdKw+iehb2ZDDqQk0p9/Ls7WaXxeIsv3alPn/70/Q4i+WjoXFeG6T9KGCv110quJRPc4kS4QPWg==}
    engines: {node: '>=v18', npm: '>=7'}

  '@sapphire/plugin-logger@4.0.2':
    resolution: {integrity: sha512-5Nr++u+fA3/jZwj1aL9Z16RgyJZRE1gyUftfWjrzdndE5FkcbnLiVCKvnI8WzSupVhdn6kMaCWAteOSgAaq3lQ==}
    engines: {node: '>=v18', npm: '>=7'}

  '@sapphire/prettier-config@2.0.0':
    resolution: {integrity: sha512-Vie8KR5zQ6sbEP4+biW/IR7k55saGfZkTSuRlgvxCBKb4SBJdRWcOBI80i+JxMVIDDZKgXlgYnXEST+FgZiWXA==}
    engines: {node: '>=v14.0.0', npm: '>=7.0.0'}

  '@sapphire/ratelimits@2.4.9':
    resolution: {integrity: sha512-eEE385IrFsD90gg696MWNqbeDjo1ZgtBvL66BezIwJEwDguhLP5AVsBsT4uCacX/92aeHl8i2nVvtusIBXZNSg==}
    engines: {node: '>=v14.0.0', npm: '>=7.0.0'}

  '@sapphire/result@2.6.6':
    resolution: {integrity: sha512-QCjj7X/QlY0QUCeAaZQmnrsMH/b2BMQYee3F1Y5iF17JagUQqO3KZlG7vfXWQU3SRAJX5OgZZynBjixUH+nNGg==}
    engines: {node: '>=v14.0.0', npm: '>=7.0.0'}

  '@sapphire/shapeshift@3.9.7':
    resolution: {integrity: sha512-4It2mxPSr4OGn4HSQWGmhFMsNFGfFVhWeRPCRwbH972Ek2pzfGRZtb0pJ4Ze6oIzcyh2jw7nUDa6qGlWofgd9g==}
    engines: {node: '>=v16'}

  '@sapphire/snowflake@3.5.3':
    resolution: {integrity: sha512-jjmJywLAFoWeBi1W7994zZyiNWPIiqRRNAmSERxyg93xRGzNYvGjlZ0gR6x0F4gPRi2+0O6S71kOZYyr3cxaIQ==}
    engines: {node: '>=v14.0.0', npm: '>=7.0.0'}

  '@sapphire/stopwatch@1.5.2':
    resolution: {integrity: sha512-FrR1GnaEIuXpEfnaz7DjNgoN/Cp8dJ5XFgb8CxXTCAJi8LYk0YsyGSdmmcs9R3ZNZrA1vOSv0dFVLitgiVA36Q==}
    engines: {node: '>=v14.0.0', npm: '>=7.0.0'}

  '@sapphire/time-utilities@1.7.12':
    resolution: {integrity: sha512-naqA2CxIseXyAx3OnzB1dW8b9iEsUJHzzlXs4QCBmssQ28nRTfuPSE86c/ELfLGr6f+S0Sca2dxUwTsL5Wf8MQ==}
    engines: {node: '>=v14.0.0', npm: '>=7.0.0'}

  '@sapphire/timer-manager@1.0.2':
    resolution: {integrity: sha512-0/wQEeiYeENQNtCVjhLZA2hDFqshNwWRR0ewXXENggTtkSqL7l+FadP1FZIMLRB69vnsZKdL2GuEHDuWayJbAQ==}
    engines: {node: '>=v14.0.0', npm: '>=7.0.0'}

  '@sapphire/timestamp@1.0.3':
    resolution: {integrity: sha512-I2TwqlLDA2Uu576VUgyBaT1gP1WSWPxeW3NqFxsSJfwFyvzXkTzyQiYce0eWMpM6BdBCq7Dddg+Yayls/5K1RA==}
    engines: {node: '>=v14.0.0', npm: '>=7.0.0'}

  '@sapphire/ts-config@5.0.1':
    resolution: {integrity: sha512-86YBYNBDNs6/bCrTsv274553v43Bz8YljfrrIQ4N8ll2npUxbf6cpC0gjfJY+FMa1HwKUgoMF4lvhzY0Ph0smw==}
    engines: {node: '>=v16.0.0', npm: '>=8.0.0'}

  '@sapphire/utilities@3.17.0':
    resolution: {integrity: sha512-bbqjnKKrCgyT0C3+KOjIBzE6z6/v764EFuV7Uxw9WeIdkqGhwepl6tuNEzgiek/JdtEcODaPeX0K1aCt53yCcA==}
    engines: {node: '>=v14.0.0'}

  '@skyra/env-utilities@1.3.0':
    resolution: {integrity: sha512-uDB+yv0hhscB9iXjyRI0pU0+MOju4qmEGwGRPwNtLRpXWoCjCSD/jtThDYND/Mtp5W8mylTMqi7XwRGx/o6DQA==}
    engines: {node: '>=18'}

  '@types/handlebars@4.1.0':
    resolution: {integrity: sha512-gq9YweFKNNB1uFK71eRqsd4niVkXrxHugqWFQkeLRJvGjnxsLr16bYtcsG4tOFwmYi0Bax+wCkbf1reUfdl4kA==}
    deprecated: This is a stub types definition. handlebars provides its own type definitions, so you do not need this installed.

  '@types/luxon@3.4.2':
    resolution: {integrity: sha512-TifLZlFudklWlMBfhubvgqTXRzLDI5pCbGa4P8a3wPyUQSW+1xQ5eDsreP9DWHX3tjq1ke96uYG/nwundroWcA==}

  '@types/ms@0.7.34':
    resolution: {integrity: sha512-nG96G3Wp6acyAgJqGasjODb+acrI7KltPiRxzHPXnP3NgI28bpQDRv53olbqGXbfcgF5aiiHmO3xpwEpS5Ld9g==}

  '@types/node@20.14.15':
    resolution: {integrity: sha512-Fz1xDMCF/B00/tYSVMlmK7hVeLh7jE5f3B7X1/hmV0MJBwE27KlS7EvD/Yp+z1lm8mVhwV5w+n8jOZG8AfTlKw==}

  '@types/webidl-conversions@7.0.3':
    resolution: {integrity: sha512-CiJJvcRtIgzadHCYXw7dqEnMNRjhGZlYK05Mj9OyktqV8uVT8fD2BFOB7S1uwBE3Kj2Z+4UyPmFw/Ixgw/LAlA==}

  '@types/whatwg-url@11.0.5':
    resolution: {integrity: sha512-coYR071JRaHa+xoEvvYqvnIHaVqaYrLPbsufM9BF63HkwI5Lgmy2QR8Q5K/lYDYo5AK82wOvSOS0UsLTpTG7uQ==}

  '@types/ws@8.5.12':
    resolution: {integrity: sha512-3tPRkv1EtkDpzlgyKyI8pGsGZAGPEaXeu0DOj5DI25Ja91bdAYddYHbADRYVrZMRbfW+1l5YwXVDKohDJNQxkQ==}

  '@vladfrangu/async_event_emitter@2.4.5':
    resolution: {integrity: sha512-J7T3gUr3Wz0l7Ni1f9upgBZ7+J22/Q1B7dl0X6fG+fTsD+H+31DIosMHj4Um1dWQwqbcQ3oQf+YS2foYkDc9cQ==}
    engines: {node: '>=v14.0.0', npm: '>=7.0.0'}

  argparse@2.0.1:
    resolution: {integrity: sha512-8+9WqebbFzpX9OR+Wa6O29asIogeRMzcGtAINdpMHHyAg10f05aSFVBbcEqGf/PXw1EjAZ+q2/bEBg3DvurK3Q==}

  bson@6.8.0:
    resolution: {integrity: sha512-iOJg8pr7wq2tg/zSlCCHMi3hMm5JTOxLTagf3zxhcenHsFp+c6uOs6K7W5UE7A4QIJGtqh/ZovFNMP4mOPJynQ==}
    engines: {node: '>=16.20.1'}

  colorette@2.0.20:
    resolution: {integrity: sha512-IfEDxwoWIjkeXL1eXcDiow4UbKjhLdq6/EuSVR9GMN7KVH3r9gQ83e73hsz1Nd1T3ijd5xv1wcWRYO+D6kCI2w==}

  commander@11.1.0:
    resolution: {integrity: sha512-yPVavfyCcRhmorC7rWlkHn15b4wDVgVmBA7kV4QVBsF7kv/9TKJAbAXVTxvTnwP8HHKjRCJDClKbciiYS7p0DQ==}
    engines: {node: '>=16'}

  cron@3.1.7:
    resolution: {integrity: sha512-tlBg7ARsAMQLzgwqVxy8AZl/qlTc5nibqYwtNGoCrd+cV+ugI+tvZC1oT/8dFH8W455YrywGykx/KMmAqOr7Jw==}

  cross-spawn@7.0.3:
    resolution: {integrity: sha512-iRDPJKUPVEND7dHPO8rkbOnPpyDygcDFtWjpeWNCgy8WP2rXcxXL8TskReQl6OrB2G7+UJrags1q15Fudc7G6w==}
    engines: {node: '>= 8'}

  debug@4.3.6:
    resolution: {integrity: sha512-O/09Bd4Z1fBrU4VzkhFqVgpPzaGbw6Sm9FEkBT1A/YBXQFGuuSxa1dN2nxgxS34JmKXqYx8CZAwEVoJFImUXIg==}
    engines: {node: '>=6.0'}
    peerDependencies:
      supports-color: '*'
    peerDependenciesMeta:
      supports-color:
        optional: true

  discord-api-types@0.37.83:
    resolution: {integrity: sha512-urGGYeWtWNYMKnYlZnOnDHm8fVRffQs3U0SpE8RHeiuLKb/u92APS8HoQnPTFbnXmY1vVnXjXO4dOxcAn3J+DA==}

  discord-api-types@0.37.93:
    resolution: {integrity: sha512-M5jn0x3bcXk8EI2c6F6V6LeOWq10B/cJf+YJSyqNmg7z4bdXK+Z7g9zGJwHS0h9Bfgs0nun2LQISFOzwck7G9A==}

  discord.js@14.15.3:
    resolution: {integrity: sha512-/UJDQO10VuU6wQPglA4kz2bw2ngeeSbogiIPx/TsnctfzV/tNf+q+i1HlgtX1OGpeOBpJH9erZQNO5oRM2uAtQ==}
    engines: {node: '>=16.11.0'}

  dotenv-expand@10.0.0:
    resolution: {integrity: sha512-GopVGCpVS1UKH75VKHGuQFqS1Gusej0z4FyQkPdwjil2gNIv+LNsqBlboOzpJFZKVT95GkCyWJbBSdFEFUWI2A==}
    engines: {node: '>=12'}

  dotenv@16.4.5:
    resolution: {integrity: sha512-ZmdL2rui+eB2YwhsWzjInR8LldtZHGDoQ1ugH85ppHKwpUHL7j7rN0Ti9NCnGiQbhaZ11FpR+7ao1dNsmduNUg==}
    engines: {node: '>=12'}

  duplexer@0.1.2:
    resolution: {integrity: sha512-jtD6YG370ZCIi/9GTaJKQxWTZD045+4R4hTk/x1UyoqadyJ9x9CgSi1RlVDQF8U2sxLLSnFkCaMihqljHIWgMg==}

  event-stream@3.3.4:
    resolution: {integrity: sha512-QHpkERcGsR0T7Qm3HNJSyXKEEj8AHNxkY3PK8TS2KJvQ7NiSHe3DDpwVKKtoYprL/AreyzFBeIkBIWChAqn60g==}

  execa@8.0.1:
    resolution: {integrity: sha512-VyhnebXciFV2DESc+p6B+y0LjSm0krU4OgJN44qFAhBY0TJ+1V61tYD2+wHusZ6F9n5K+vl8k0sTy7PEfV4qpg==}
    engines: {node: '>=16.17'}

  fast-deep-equal@3.1.3:
    resolution: {integrity: sha512-f3qQ9oQy9j2AhBe/H9VC91wLmKBCCU/gDOnKNAYG5hswO7BLKj09Hc5HYNz9cGI++xlpDCIgDaitVs03ATR84Q==}

  find-up@5.0.0:
    resolution: {integrity: sha512-78/PXT1wlLLDgTzDs7sjq9hzz0vXD+zn+7wypEe4fXQxCmdmqfGsEPQxmiCSQI3ajFV91bVSsvNtrJRiW6nGng==}
    engines: {node: '>=10'}

  from@0.1.7:
    resolution: {integrity: sha512-twe20eF1OxVxp/ML/kq2p1uc6KvFK/+vs8WjEbeKmV2He22MKm7YF2ANIt+EOqhJ5L3K/SuuPhk0hWQDjOM23g==}

  get-stream@8.0.1:
    resolution: {integrity: sha512-VaUJspBffn/LMCJVoMvSAdmscJyS1auj5Zulnn5UoYcY531UWmdwhRWkcGKnGU93m5HSXP9LP2usOryrBtQowA==}
    engines: {node: '>=16'}

  handlebars@4.7.8:
    resolution: {integrity: sha512-vafaFqs8MZkRrSX7sFVUdo3ap/eNiLnb4IakshzvP56X5Nr1iGKAIqdX6tMlm6HcNRIkr6AxO5jFEoJzzpT8aQ==}
    engines: {node: '>=0.4.7'}
    hasBin: true

  human-signals@5.0.0:
    resolution: {integrity: sha512-AXcZb6vzzrFAUE61HnN4mpLqd/cSIwNQjtNWR0euPm6y0iqx3G4gOXaIDdtdDwZmhwe82LA6+zinmW4UBWVePQ==}
    engines: {node: '>=16.17.0'}

  is-stream@3.0.0:
    resolution: {integrity: sha512-LnQR4bZ9IADDRSkvpqMGvt/tEJWclzklNgSw48V5EAaAeDd6qGvN8ei6k5p0tvxSR171VmGyHuTiAOfxAbr8kA==}
    engines: {node: ^12.20.0 || ^14.13.1 || >=16.0.0}

  isexe@2.0.0:
    resolution: {integrity: sha512-RHxMLp9lnKHGHRng9QFhRCMbYAcVpn69smSGcq3f36xjgVVWThj4qqLbTLlq7Ssj8B+fIQ1EuCEGI2lKsyQeIw==}

  js-yaml@4.1.0:
    resolution: {integrity: sha512-wpxZs9NoxZaJESJGIZTyDEaYpl0FKSA+FB9aJiyemKhMwkxQg63h4T1KJgUGHpTqPDNRcmmYLugrRjJlBtWvRA==}
    hasBin: true

  kareem@2.6.3:
    resolution: {integrity: sha512-C3iHfuGUXK2u8/ipq9LfjFfXFxAZMQJJq7vLS45r3D9Y2xQ/m4S8zaR4zMLFWh9AsNPXmcFfUDhTEO8UIC/V6Q==}
    engines: {node: '>=12.0.0'}

  kleur@3.0.3:
    resolution: {integrity: sha512-eTIzlVOSUR+JxdDFepEYcBMtZ9Qqdef+rnzWdRZuMbOywu5tO2w2N7rqjoANZ5k9vywhL6Br1VRjUIgTQx4E8w==}
    engines: {node: '>=6'}

  locate-path@6.0.0:
    resolution: {integrity: sha512-iPZK6eYjbxRu3uB4/WZ3EsEIMJFMqAoopl3R+zuq0UjcAm/MO6KCweDgPfP3elTztoKP3KtnVHxTn2NHBSDVUw==}
    engines: {node: '>=10'}

  lodash.snakecase@4.1.1:
    resolution: {integrity: sha512-QZ1d4xoBHYUeuouhEq3lk3Uq7ldgyFXGBhg04+oRLnIz8o9T65Eh+8YdroUwn846zchkA9yDsDl5CVVaV2nqYw==}

  lodash@4.17.21:
    resolution: {integrity: sha512-v2kDEe57lecTulaDIuNTPy3Ry4gLGJ6Z1O3vE1krgXZNrsQ+LFTGHVxVjcXPs17LhbZVGedAJv8XZ1tvj5FvSg==}

  luxon@3.4.4:
    resolution: {integrity: sha512-zobTr7akeGHnv7eBOXcRgMeCP6+uyYsczwmeRCauvpvaAltgNyTbLH/+VaEAPUeWBT+1GuNmz4wC/6jtQzbbVA==}
    engines: {node: '>=12'}

  magic-bytes.js@1.10.0:
    resolution: {integrity: sha512-/k20Lg2q8LE5xiaaSkMXk4sfvI+9EGEykFS4b0CHHGWqDYU0bGUFSwchNOMA56D7TCs9GwVTkqe9als1/ns8UQ==}

  map-stream@0.1.0:
    resolution: {integrity: sha512-CkYQrPYZfWnu/DAmVCpTSX/xHpKZ80eKh2lAkyA6AJTef6bW+6JpbQZN5rofum7da+SyN1bi5ctTm+lTfcCW3g==}

  memory-pager@1.5.0:
    resolution: {integrity: sha512-ZS4Bp4r/Zoeq6+NLJpP+0Zzm0pR8whtGPf1XExKLJBAczGMnSi3It14OiNCStjQjM6NU1okjQGSxgEZN8eBYKg==}

  merge-stream@2.0.0:
    resolution: {integrity: sha512-abv/qOcuPfk3URPfDzmZU1LKmuw8kT+0nIHvKrKgFrwifol/doWcdA4ZqsWQ8ENrFKkd67Mfpo/LovbIUsbt3w==}

  mimic-fn@4.0.0:
    resolution: {integrity: sha512-vqiC06CuhBTUdZH+RYl8sFrL096vA45Ok5ISO6sE/Mr1jRbGH4Csnhi8f3wKVl7x8mO4Au7Ir9D3Oyv1VYMFJw==}
    engines: {node: '>=12'}

  minimist@1.2.8:
    resolution: {integrity: sha512-2yyAR8qBkN3YuheJanUpWC5U3bb5osDywNB8RzDVlDwDHbocAJveqqj1u8+SVD7jkWT4yvsHCpWqqWqAxb0zCA==}

  mongodb-connection-string-url@3.0.1:
    resolution: {integrity: sha512-XqMGwRX0Lgn05TDB4PyG2h2kKO/FfWJyCzYQbIhXUxz7ETt0I/FqHjUeqj37irJ+Dl1ZtU82uYyj14u2XsZKfg==}

  mongodb@6.7.0:
    resolution: {integrity: sha512-TMKyHdtMcO0fYBNORiYdmM25ijsHs+Njs963r4Tro4OQZzqYigAzYQouwWRg4OIaiLRUEGUh/1UAcH5lxdSLIA==}
    engines: {node: '>=16.20.1'}
    peerDependencies:
      '@aws-sdk/credential-providers': ^3.188.0
      '@mongodb-js/zstd': ^1.1.0
      gcp-metadata: ^5.2.0
      kerberos: ^2.0.1
      mongodb-client-encryption: '>=6.0.0 <7'
      snappy: ^7.2.2
      socks: ^2.7.1
    peerDependenciesMeta:
      '@aws-sdk/credential-providers':
        optional: true
      '@mongodb-js/zstd':
        optional: true
      gcp-metadata:
        optional: true
      kerberos:
        optional: true
      mongodb-client-encryption:
        optional: true
      snappy:
        optional: true
      socks:
        optional: true

  mongoose@8.5.2:
    resolution: {integrity: sha512-GZB4rHMdYfGatV+23IpCrqFbyCOjCNOHXgWbirr92KRwTEncBrtW3kgU9vmpKjsGf7nMmnAy06SwWUv1vhDkSg==}
    engines: {node: '>=16.20.1'}

  mpath@0.9.0:
    resolution: {integrity: sha512-ikJRQTk8hw5DEoFVxHG1Gn9T/xcjtdnOKIU1JTmGjZZlg9LST2mBLmcX3/ICIbgJydT2GOc15RnNy5mHmzfSew==}
    engines: {node: '>=4.0.0'}

  mquery@5.0.0:
    resolution: {integrity: sha512-iQMncpmEK8R8ncT8HJGsGc9Dsp8xcgYMVSbs5jgnm1lFHTZqMJTUWTDx1LBO8+mK3tPNZWFLBghQEIOULSTHZg==}
    engines: {node: '>=14.0.0'}

  ms@2.1.2:
    resolution: {integrity: sha512-sGkPx+VjMtmA6MX27oA4FBFELFCZZ4S4XqeGOXCv68tT+jb3vk/RyaKWP0PTKyWtmLSM0b+adUTEvbs1PEaH2w==}

  ms@2.1.3:
    resolution: {integrity: sha512-6FlzubTLZG3J2a/NVCAleEhjzq5oxgHyaCU9yYXvcLsvoVaHJq/s5xXI6/XXP6tz7R9xAOtHnSO/tXtF3WRTlA==}

  neo-async@2.6.2:
    resolution: {integrity: sha512-Yd3UES5mWCSqR+qNT93S3UoYUkqAZ9lLg8a7g9rimsWmYGK8cVToA4/sF3RrshdyV3sAGMXVUmpMYOw+dLpOuw==}

  node-cleanup@2.1.2:
    resolution: {integrity: sha512-qN8v/s2PAJwGUtr1/hYTpNKlD6Y9rc4p8KSmJXyGdYGZsDGKXrGThikLFP9OCHFeLeEpQzPwiAtdIvBLqm//Hw==}

  npm-run-path@5.3.0:
    resolution: {integrity: sha512-ppwTtiJZq0O/ai0z7yfudtBpWIoxM8yE6nHi1X47eFR2EWORqfbu6CnPlNsjeN683eT0qG6H/Pyf9fCcvjnnnQ==}
    engines: {node: ^12.20.0 || ^14.13.1 || >=16.0.0}

  onetime@6.0.0:
    resolution: {integrity: sha512-1FlR+gjXK7X+AsAHso35MnyN5KqGwJRi/31ft6x0M194ht7S+rWAvd7PHss9xSKMzE0asv1pyIHaJYq+BbacAQ==}
    engines: {node: '>=12'}

  p-limit@3.1.0:
    resolution: {integrity: sha512-TYOanM3wGwNGsZN2cVTYPArw454xnXj5qmWF1bEoAc4+cU/ol7GVh7odevjp1FNHduHc3KZMcFduxU5Xc6uJRQ==}
    engines: {node: '>=10'}

  p-locate@5.0.0:
    resolution: {integrity: sha512-LaNjtRWUBY++zB5nE/NwcaoMylSPk+S+ZHNB1TzdbMJMny6dynpAGt7X/tl/QYq3TIeE6nxHppbo2LGymrG5Pw==}
    engines: {node: '>=10'}

  path-exists@4.0.0:
    resolution: {integrity: sha512-ak9Qy5Q7jYb2Wwcey5Fpvg2KoAc/ZIhLSLOSBmRmygPsGwkVVt0fZa0qrtMz+m6tJTAHfZQ8FnmB4MG4LWy7/w==}
    engines: {node: '>=8'}

  path-key@3.1.1:
    resolution: {integrity: sha512-ojmeN0qd+y0jszEtoY48r0Peq5dwMEkIlCOu6Q5f41lfkswXuKtYrhgoTpLnyIcHm24Uhqx+5Tqm2InSwLhE6Q==}
    engines: {node: '>=8'}

  path-key@4.0.0:
    resolution: {integrity: sha512-haREypq7xkM7ErfgIyA0z+Bj4AGKlMSdlQE2jvJo6huWD1EdkKYV+G/T4nq0YEF2vgTT8kqMFKo1uHn950r4SQ==}
    engines: {node: '>=12'}

  pause-stream@0.0.11:
    resolution: {integrity: sha512-e3FBlXLmN/D1S+zHzanP4E/4Z60oFAa3O051qt1pxa7DEJWKAyil6upYVXCWadEnuoqa4Pkc9oUx9zsxYeRv8A==}

  prettier@3.3.3:
    resolution: {integrity: sha512-i2tDNA0O5IrMO757lfrdQZCc2jPNDVntV0m/+4whiDfWaTKfMNgR7Qz0NAeGz/nRqF4m5/6CLzbP4/liHt12Ew==}
    engines: {node: '>=14'}
    hasBin: true

  prisma@5.17.0:
    resolution: {integrity: sha512-m4UWkN5lBE6yevqeOxEvmepnL5cNPEjzMw2IqDB59AcEV6w7D8vGljDLd1gPFH+W6gUxw9x7/RmN5dCS/WTPxA==}
    engines: {node: '>=16.13'}
    hasBin: true

  prompts@2.4.2:
    resolution: {integrity: sha512-NxNv/kLguCA7p3jE8oL2aEBsrJWgAakBpgmgK6lpPWV+WuOmY6r2/zbAVnP+T8bQlA0nzHXSJSJW0Hq7ylaD2Q==}
    engines: {node: '>= 6'}

  ps-tree@1.2.0:
    resolution: {integrity: sha512-0VnamPPYHl4uaU/nSFeZZpR21QAWRz+sRv4iW9+v/GS/J5U5iZB5BNN6J0RMoOvdx2gWM2+ZFMIm58q24e4UYA==}
    engines: {node: '>= 0.10'}
    hasBin: true

  punycode@2.3.1:
    resolution: {integrity: sha512-vYt7UD1U9Wg6138shLtLOvdAu+8DsC/ilFtEVHcH+wydcSpNE20AfSOduf6MkRFahL5FY7X1oU7nKVZFtfq8Fg==}
    engines: {node: '>=6'}

  shebang-command@2.0.0:
    resolution: {integrity: sha512-kHxr2zZpYtdmrN1qDjrrX/Z1rR1kG8Dx+gkpK1G4eXmvXswmcE1hTWBWYUzlraYw1/yZp6YuDY77YtvbN0dmDA==}
    engines: {node: '>=8'}

  shebang-regex@3.0.0:
    resolution: {integrity: sha512-7++dFhtcx3353uBaq8DDR4NuxBetBzC7ZQOhmTQInHEd6bSrXdiEyzCvG07Z44UYdLShWUyXt5M/yhz8ekcb1A==}
    engines: {node: '>=8'}

  sift@17.1.3:
    resolution: {integrity: sha512-Rtlj66/b0ICeFzYTuNvX/EF1igRbbnGSvEyT79McoZa/DeGhMyC5pWKOEsZKnpkqtSeovd5FL/bjHWC3CIIvCQ==}

  signal-exit@4.1.0:
    resolution: {integrity: sha512-bzyZ1e88w9O1iNJbKnOlvYTrWPDl46O1bG0D3XInv+9tkPrxrN8jUUTiFlDkkmKWgn1M6CfIA13SuGqOa9Korw==}
    engines: {node: '>=14'}

  sisteransi@1.0.5:
    resolution: {integrity: sha512-bLGGlR1QxBcynn2d5YmDX4MGjlZvy2MRBDRNHLJ8VI6l6+9FUiyTFNJ0IveOSP0bcXgVDPRcfGqA0pjaqUpfVg==}

  source-map@0.6.1:
    resolution: {integrity: sha512-UjgapumWlbMhkBgzT7Ykc5YXUT46F0iKu8SGXq0bcwP5dz/h0Plj6enJqjz1Zbq2l5WaqYnrVbwWOWMyF3F47g==}
    engines: {node: '>=0.10.0'}

  sparse-bitfield@3.0.3:
    resolution: {integrity: sha512-kvzhi7vqKTfkh0PZU+2D2PIllw2ymqJKujUcyPMd9Y75Nv4nPbGJZXNhxsgdQab2BmlDct1YnfQCguEvHr7VsQ==}

  split@0.3.3:
    resolution: {integrity: sha512-wD2AeVmxXRBoX44wAycgjVpMhvbwdI2aZjCkvfNcH1YqHQvJVa1duWc73OyVGJUc05fhFaTZeQ/PYsrmyH0JVA==}

  stream-combiner@0.0.4:
    resolution: {integrity: sha512-rT00SPnTVyRsaSz5zgSPma/aHSOic5U1prhYdRy5HS2kTZviFpmDgzilbtsJsxiroqACmayynDN/9VzIbX5DOw==}

  string-argv@0.3.2:
    resolution: {integrity: sha512-aqD2Q0144Z+/RqG52NeHEkZauTAUWJO8c6yTftGJKO3Tja5tUgIfmIl6kExvhtxSDP7fXB6DvzkfMpCd/F3G+Q==}
    engines: {node: '>=0.6.19'}

  strip-final-newline@3.0.0:
    resolution: {integrity: sha512-dOESqjYr96iWYylGObzd39EuNTa5VJxyvVAEm5Jnh7KGo75V43Hk1odPQkNDyXNmUR6k+gEiDVXnjB8HJ3crXw==}
    engines: {node: '>=12'}

  through@2.3.8:
    resolution: {integrity: sha512-w89qg7PI8wAdvX60bMDP+bFoD5Dvhm9oLheFp5O4a2QF0cSBGsBX4qZmadPMvVqlLJBBci+WqGGOAPvcDeNSVg==}

  tldts-core@6.1.39:
    resolution: {integrity: sha512-+Qib8VaRq6F56UjP4CJXd30PI4s3hFumDywUlsbiEWoA8+lfAaWNTLr3e6/zZOgHzVyon4snHaybeFHd8C0j/A==}

  tldts@6.1.39:
    resolution: {integrity: sha512-UCGXcPhYIUELc+FifEeDXYkoTWNU6iOEdM/Q5LsvkTz2SnpQ3q5onA+DiiZlR5YDskMhfK1YBQDeWL7PH9/miQ==}
    hasBin: true

  tr46@4.1.1:
    resolution: {integrity: sha512-2lv/66T7e5yNyhAAC4NaKe5nVavzuGJQVVtRYLyQ2OI8tsJ61PMLlelehb0wi2Hx6+hT/OJUWZcw8MjlSRnxvw==}
    engines: {node: '>=14'}

  ts-mixer@6.0.4:
    resolution: {integrity: sha512-ufKpbmrugz5Aou4wcr5Wc1UUFWOLhq+Fm6qa6P0w0K5Qw2yhaUoiWszhCVuNQyNwrlGiscHOmqYoAox1PtvgjA==}

  tsc-watch@6.2.0:
    resolution: {integrity: sha512-2LBhf9kjKXnz7KQ/puLHlozMzzUNHAdYBNMkg3eksQJ9GBAgMg8czznM83T5PmsoUvDnXzfIeQn2lNcIYDr8LA==}
    engines: {node: '>=12.12.0'}
    hasBin: true
    peerDependencies:
      typescript: '*'

  tslib@2.6.2:
    resolution: {integrity: sha512-AEYxH93jGFPn/a2iVAwW87VuUIkR1FVUKB77NwMF7nBTDkDrrT/Hpt/IrCJ0QXhW27jTBDcf5ZY7w6RiqTMw2Q==}

  tslib@2.6.3:
    resolution: {integrity: sha512-xNvxJEOUiWPGhUuUdQgAJPKOOJfGnIyKySOc09XkKsgdUV/3E2zvwZYdejjmRgPCgcym1juLH3226yA7sEFJKQ==}

  typescript@5.4.5:
    resolution: {integrity: sha512-vcI4UpRgg81oIRUFwR0WSIHKt11nJ7SAVlYNIu+QpqeyXP+gpQJy/Z4+F0aGxSE4MqwjyXvW/TzgkLAx2AGHwQ==}
    engines: {node: '>=14.17'}
    hasBin: true

  uglify-js@3.19.2:
    resolution: {integrity: sha512-S8KA6DDI47nQXJSi2ctQ629YzwOVs+bQML6DAtvy0wgNdpi+0ySpQK0g2pxBq2xfF2z3YCscu7NNA8nXT9PlIQ==}
    engines: {node: '>=0.8.0'}
    hasBin: true

  undici-types@5.26.5:
    resolution: {integrity: sha512-JlCMO+ehdEIKqlFxk6IfVoAUVmgz7cU7zD/h9XZ0qzeosSHmUJVOzSQvvYSYWXkFXC+IfLKSIffhv0sVZup6pA==}

  undici@6.13.0:
    resolution: {integrity: sha512-Q2rtqmZWrbP8nePMq7mOJIN98M0fYvSgV89vwl/BQRT4mDOeY2GXZngfGpcBBhtky3woM7G24wZV3Q304Bv6cw==}
    engines: {node: '>=18.0'}

  webidl-conversions@7.0.0:
    resolution: {integrity: sha512-VwddBukDzu71offAQR975unBIGqfKZpM+8ZX6ySk8nYhVoo5CYaZyzt3YBvYtRtO+aoGlqxPg/B87NGVZ/fu6g==}
    engines: {node: '>=12'}

  whatwg-url@13.0.0:
    resolution: {integrity: sha512-9WWbymnqj57+XEuqADHrCJ2eSXzn8WXIW/YSGaZtb2WKAInQ6CHfaUUcTyyver0p8BDg5StLQq8h1vtZuwmOig==}
    engines: {node: '>=16'}

  which@2.0.2:
    resolution: {integrity: sha512-BLI3Tl1TW3Pvl70l3yq3Y64i+awpwXqsGBYWkkqMtnbXgrMD+yj7rhW0kuEDxzJaYXGjEW5ogapKNMEKNMjibA==}
    engines: {node: '>= 8'}
    hasBin: true

  wordwrap@1.0.0:
    resolution: {integrity: sha512-gvVzJFlPycKc5dZN4yPkP8w7Dc37BtP1yczEneOb4uq34pXZcvrtRTmWV8W+Ume+XCxKgbjM+nevkyFPMybd4Q==}

  ws@8.18.0:
    resolution: {integrity: sha512-8VbfWfHLbbwu3+N6OKsOMpBdT4kXPDDB9cJk2bJ6mh9ucxdlnNvH1e+roYkKmN9Nxw2yjz7VzeO9oOz2zJ04Pw==}
    engines: {node: '>=10.0.0'}
    peerDependencies:
      bufferutil: ^4.0.1
      utf-8-validate: '>=5.0.2'
    peerDependenciesMeta:
      bufferutil:
        optional: true
      utf-8-validate:
        optional: true

  yocto-queue@0.1.0:
    resolution: {integrity: sha512-rVksvsnNCdJ/ohGc6xgPwyN8eheCxsiLM8mxuE/t/mOVqJewPuO1miLpTHQiRgTKCLexL4MeAFVagts7HmNZ2Q==}
    engines: {node: '>=10'}

  zod@3.23.8:
    resolution: {integrity: sha512-XBx9AXhXktjUqnepgTiE5flcKIYWi/rme0Eaj+5Y0lftuGBq+jyRu/md4WnuxqgP1ubdpNCsYEYPxrzVHD8d6g==}

snapshots:

  '@discordjs/builders@1.8.2':
    dependencies:
      '@discordjs/formatters': 0.4.0
      '@discordjs/util': 1.1.0
      '@sapphire/shapeshift': 3.9.7
      discord-api-types: 0.37.83
      fast-deep-equal: 3.1.3
      ts-mixer: 6.0.4
      tslib: 2.6.3

  '@discordjs/collection@1.5.3': {}

  '@discordjs/collection@2.1.0': {}

  '@discordjs/formatters@0.4.0':
    dependencies:
      discord-api-types: 0.37.83

  '@discordjs/rest@2.3.0':
    dependencies:
      '@discordjs/collection': 2.1.0
      '@discordjs/util': 1.1.0
      '@sapphire/async-queue': 1.5.3
      '@sapphire/snowflake': 3.5.3
      '@vladfrangu/async_event_emitter': 2.4.5
      discord-api-types: 0.37.83
      magic-bytes.js: 1.10.0
      tslib: 2.6.2
      undici: 6.13.0

  '@discordjs/util@1.1.0': {}

  '@discordjs/ws@1.1.1':
    dependencies:
      '@discordjs/collection': 2.1.0
      '@discordjs/rest': 2.3.0
      '@discordjs/util': 1.1.0
      '@sapphire/async-queue': 1.5.3
      '@types/ws': 8.5.12
      '@vladfrangu/async_event_emitter': 2.4.5
      discord-api-types: 0.37.83
      tslib: 2.6.2
      ws: 8.18.0
    transitivePeerDependencies:
      - bufferutil
      - utf-8-validate

  '@favware/colorette-spinner@1.0.1':
    dependencies:
      colorette: 2.0.20

  '@mongodb-js/saslprep@1.1.8':
    dependencies:
      sparse-bitfield: 3.0.3

  '@prisma/client@5.17.0(prisma@5.17.0)':
    optionalDependencies:
      prisma: 5.17.0

  '@prisma/debug@5.17.0': {}

  '@prisma/engines-version@5.17.0-31.393aa359c9ad4a4bb28630fb5613f9c281cde053': {}

  '@prisma/engines@5.17.0':
    dependencies:
      '@prisma/debug': 5.17.0
      '@prisma/engines-version': 5.17.0-31.393aa359c9ad4a4bb28630fb5613f9c281cde053
      '@prisma/fetch-engine': 5.17.0
      '@prisma/get-platform': 5.17.0

  '@prisma/fetch-engine@5.17.0':
    dependencies:
      '@prisma/debug': 5.17.0
      '@prisma/engines-version': 5.17.0-31.393aa359c9ad4a4bb28630fb5613f9c281cde053
      '@prisma/get-platform': 5.17.0

  '@prisma/get-platform@5.17.0':
    dependencies:
      '@prisma/debug': 5.17.0

  '@sapphire/async-queue@1.5.3': {}

  '@sapphire/cli@1.9.3':
    dependencies:
      '@favware/colorette-spinner': 1.0.1
      '@sapphire/node-utilities': 1.0.2
      '@sapphire/result': 2.6.6
      colorette: 2.0.20
      commander: 11.1.0
      execa: 8.0.1
      find-up: 5.0.0
      js-yaml: 4.1.0
      prompts: 2.4.2
      tslib: 2.6.3

  '@sapphire/cron@1.1.3':
    dependencies:
      '@sapphire/utilities': 3.17.0

  '@sapphire/decorators@6.1.0':
    dependencies:
      tslib: 2.6.3

  '@sapphire/discord-utilities@3.3.0':
    dependencies:
      discord-api-types: 0.37.93

  '@sapphire/discord.js-utilities@7.1.6':
    dependencies:
      '@sapphire/discord-utilities': 3.3.0
      '@sapphire/duration': 1.1.2
      '@sapphire/utilities': 3.17.0
      tslib: 2.6.3

  '@sapphire/discord.js-utilities@7.3.0':
    dependencies:
      '@sapphire/discord-utilities': 3.3.0
      '@sapphire/duration': 1.1.2
      '@sapphire/utilities': 3.17.0
      tslib: 2.6.3

  '@sapphire/duration@1.1.2': {}

  '@sapphire/fetch@3.0.2': {}

  '@sapphire/framework@5.2.1':
    dependencies:
      '@discordjs/builders': 1.8.2
      '@sapphire/discord-utilities': 3.3.0
      '@sapphire/discord.js-utilities': 7.3.0
      '@sapphire/lexure': 1.1.7
      '@sapphire/pieces': 4.3.1
      '@sapphire/ratelimits': 2.4.9
      '@sapphire/result': 2.6.6
      '@sapphire/stopwatch': 1.5.2
      '@sapphire/utilities': 3.17.0

  '@sapphire/lexure@1.1.7':
    dependencies:
      '@sapphire/result': 2.6.6

  '@sapphire/node-utilities@1.0.2': {}

  '@sapphire/pieces@4.3.1':
    dependencies:
      '@discordjs/collection': 1.5.3
      '@sapphire/utilities': 3.17.0
      tslib: 2.6.3

  '@sapphire/plugin-api@6.1.1':
    dependencies:
      '@types/ws': 8.5.12
      tldts: 6.1.39
      tslib: 2.6.3
      undici: 6.13.0

  '@sapphire/plugin-logger@4.0.2':
    dependencies:
      '@sapphire/timestamp': 1.0.3
      colorette: 2.0.20

  '@sapphire/prettier-config@2.0.0':
    dependencies:
      prettier: 3.3.3

  '@sapphire/ratelimits@2.4.9': {}

  '@sapphire/result@2.6.6': {}

  '@sapphire/shapeshift@3.9.7':
    dependencies:
      fast-deep-equal: 3.1.3
      lodash: 4.17.21

  '@sapphire/snowflake@3.5.3': {}

  '@sapphire/stopwatch@1.5.2':
    dependencies:
      tslib: 2.6.3

  '@sapphire/time-utilities@1.7.12':
    dependencies:
      '@sapphire/cron': 1.1.3
      '@sapphire/duration': 1.1.2
      '@sapphire/timer-manager': 1.0.2
      '@sapphire/timestamp': 1.0.3

  '@sapphire/timer-manager@1.0.2': {}

  '@sapphire/timestamp@1.0.3': {}

  '@sapphire/ts-config@5.0.1':
    dependencies:
      tslib: 2.6.3
      typescript: 5.4.5

  '@sapphire/utilities@3.17.0': {}

  '@skyra/env-utilities@1.3.0':
    dependencies:
      dotenv: 16.4.5
      dotenv-expand: 10.0.0

  '@types/handlebars@4.1.0':
    dependencies:
      handlebars: 4.7.8

  '@types/luxon@3.4.2': {}

  '@types/ms@0.7.34': {}

  '@types/node@20.14.15':
    dependencies:
      undici-types: 5.26.5

  '@types/webidl-conversions@7.0.3': {}

  '@types/whatwg-url@11.0.5':
    dependencies:
      '@types/webidl-conversions': 7.0.3

  '@types/ws@8.5.12':
    dependencies:
      '@types/node': 20.14.15

  '@vladfrangu/async_event_emitter@2.4.5': {}

  argparse@2.0.1: {}

  bson@6.8.0: {}

  colorette@2.0.20: {}

  commander@11.1.0: {}

  cron@3.1.7:
    dependencies:
      '@types/luxon': 3.4.2
      luxon: 3.4.4

  cross-spawn@7.0.3:
    dependencies:
      path-key: 3.1.1
      shebang-command: 2.0.0
      which: 2.0.2

  debug@4.3.6:
    dependencies:
      ms: 2.1.2

  discord-api-types@0.37.83: {}

  discord-api-types@0.37.93: {}

  discord.js@14.15.3:
    dependencies:
      '@discordjs/builders': 1.8.2
      '@discordjs/collection': 1.5.3
      '@discordjs/formatters': 0.4.0
      '@discordjs/rest': 2.3.0
      '@discordjs/util': 1.1.0
      '@discordjs/ws': 1.1.1
      '@sapphire/snowflake': 3.5.3
      discord-api-types: 0.37.83
      fast-deep-equal: 3.1.3
      lodash.snakecase: 4.1.1
      tslib: 2.6.2
      undici: 6.13.0
    transitivePeerDependencies:
      - bufferutil
      - utf-8-validate

  dotenv-expand@10.0.0: {}

  dotenv@16.4.5: {}

  duplexer@0.1.2: {}

  event-stream@3.3.4:
    dependencies:
      duplexer: 0.1.2
      from: 0.1.7
      map-stream: 0.1.0
      pause-stream: 0.0.11
      split: 0.3.3
      stream-combiner: 0.0.4
      through: 2.3.8

  execa@8.0.1:
    dependencies:
      cross-spawn: 7.0.3
      get-stream: 8.0.1
      human-signals: 5.0.0
      is-stream: 3.0.0
      merge-stream: 2.0.0
      npm-run-path: 5.3.0
      onetime: 6.0.0
      signal-exit: 4.1.0
      strip-final-newline: 3.0.0

  fast-deep-equal@3.1.3: {}

  find-up@5.0.0:
    dependencies:
      locate-path: 6.0.0
      path-exists: 4.0.0

  from@0.1.7: {}

  get-stream@8.0.1: {}

  handlebars@4.7.8:
    dependencies:
      minimist: 1.2.8
      neo-async: 2.6.2
      source-map: 0.6.1
      wordwrap: 1.0.0
    optionalDependencies:
      uglify-js: 3.19.2

  human-signals@5.0.0: {}

  is-stream@3.0.0: {}

  isexe@2.0.0: {}

  js-yaml@4.1.0:
    dependencies:
      argparse: 2.0.1

  kareem@2.6.3: {}

  kleur@3.0.3: {}

  locate-path@6.0.0:
    dependencies:
      p-locate: 5.0.0

  lodash.snakecase@4.1.1: {}

  lodash@4.17.21: {}

  luxon@3.4.4: {}

  magic-bytes.js@1.10.0: {}

  map-stream@0.1.0: {}

  memory-pager@1.5.0: {}

  merge-stream@2.0.0: {}

  mimic-fn@4.0.0: {}

  minimist@1.2.8: {}

  mongodb-connection-string-url@3.0.1:
    dependencies:
      '@types/whatwg-url': 11.0.5
      whatwg-url: 13.0.0

  mongodb@6.7.0:
    dependencies:
      '@mongodb-js/saslprep': 1.1.8
      bson: 6.8.0
      mongodb-connection-string-url: 3.0.1

  mongoose@8.5.2:
    dependencies:
      bson: 6.8.0
      kareem: 2.6.3
      mongodb: 6.7.0
      mpath: 0.9.0
      mquery: 5.0.0
      ms: 2.1.3
      sift: 17.1.3
    transitivePeerDependencies:
      - '@aws-sdk/credential-providers'
      - '@mongodb-js/zstd'
      - gcp-metadata
      - kerberos
      - mongodb-client-encryption
      - snappy
      - socks
      - supports-color

  mpath@0.9.0: {}

  mquery@5.0.0:
    dependencies:
      debug: 4.3.6
    transitivePeerDependencies:
      - supports-color

  ms@2.1.2: {}

  ms@2.1.3: {}

  neo-async@2.6.2: {}

  node-cleanup@2.1.2: {}

  npm-run-path@5.3.0:
    dependencies:
      path-key: 4.0.0

  onetime@6.0.0:
    dependencies:
      mimic-fn: 4.0.0

  p-limit@3.1.0:
    dependencies:
      yocto-queue: 0.1.0

  p-locate@5.0.0:
    dependencies:
      p-limit: 3.1.0

  path-exists@4.0.0: {}

  path-key@3.1.1: {}

  path-key@4.0.0: {}

  pause-stream@0.0.11:
    dependencies:
      through: 2.3.8

  prettier@3.3.3: {}

  prisma@5.17.0:
    dependencies:
      '@prisma/engines': 5.17.0

  prompts@2.4.2:
    dependencies:
      kleur: 3.0.3
      sisteransi: 1.0.5

  ps-tree@1.2.0:
    dependencies:
      event-stream: 3.3.4

  punycode@2.3.1: {}

  shebang-command@2.0.0:
    dependencies:
      shebang-regex: 3.0.0

  shebang-regex@3.0.0: {}

  sift@17.1.3: {}

  signal-exit@4.1.0: {}

  sisteransi@1.0.5: {}

  source-map@0.6.1: {}

  sparse-bitfield@3.0.3:
    dependencies:
      memory-pager: 1.5.0

  split@0.3.3:
    dependencies:
      through: 2.3.8

  stream-combiner@0.0.4:
    dependencies:
      duplexer: 0.1.2

  string-argv@0.3.2: {}

  strip-final-newline@3.0.0: {}

  through@2.3.8: {}

  tldts-core@6.1.39: {}

  tldts@6.1.39:
    dependencies:
      tldts-core: 6.1.39

  tr46@4.1.1:
    dependencies:
      punycode: 2.3.1

  ts-mixer@6.0.4: {}

  tsc-watch@6.2.0(typescript@5.4.5):
    dependencies:
      cross-spawn: 7.0.3
      node-cleanup: 2.1.2
      ps-tree: 1.2.0
      string-argv: 0.3.2
      typescript: 5.4.5

  tslib@2.6.2: {}

  tslib@2.6.3: {}

  typescript@5.4.5: {}

  uglify-js@3.19.2:
    optional: true

  undici-types@5.26.5: {}

  undici@6.13.0: {}

  webidl-conversions@7.0.0: {}

  whatwg-url@13.0.0:
    dependencies:
      tr46: 4.1.1
      webidl-conversions: 7.0.0

  which@2.0.2:
    dependencies:
      isexe: 2.0.0

  wordwrap@1.0.0: {}

  ws@8.18.0: {}

  yocto-queue@0.1.0: {}

  zod@3.23.8: {}
